
Microsoft Visual Studio Solution File, Format Version 12.00
# Visual Studio Version 16
VisualStudioVersion = 16.0.28606.126
MinimumVisualStudioVersion = 10.0.40219.1
Project("{9A19103F-16F7-4668-BE54-9A1E7A4F7556}") = "TryBlazor.Server", "Server\TryBlazor.Server.csproj", "{0DF0189C-7898-4DB7-97D9-42B49D251F34}"
EndProject
Project("{9A19103F-16F7-4668-BE54-9A1E7A4F7556}") = "TryBlazor.Client", "Client\TryBlazor.Client.csproj", "{DA647AC2-96DB-48FF-91AA-1363595FC68C}"
EndProject
Project("{9A19103F-16F7-4668-BE54-9A1E7A4F7556}") = "TryBlazor.Shared", "Shared\TryBlazor.Shared.csproj", "{97295CC7-E97F-4283-A85E-BF650692A31B}"
EndProject
Project("{9A19103F-16F7-4668-BE54-9A1E7A4F7556}") = "RedBlazor", "RedBlazor\RedBlazor.csproj", "{0B3BE713-CC49-4CF2-BEB5-365D2C8503EE}"
EndProject
Global
	GlobalSection(SolutionConfigurationPlatforms) = preSolution
		Debug|Any CPU = Debug|Any CPU
		Release|Any CPU = Release|Any CPU
	EndGlobalSection
	GlobalSection(ProjectConfigurationPlatforms) = postSolution
		{0DF0189C-7898-4DB7-97D9-42B49D251F34}.Debug|Any CPU.ActiveCfg = Debug|Any CPU
		{0DF0189C-7898-4DB7-97D9-42B49D251F34}.Debug|Any CPU.Build.0 = Debug|Any CPU
		{0DF0189C-7898-4DB7-97D9-42B49D251F34}.Release|Any CPU.ActiveCfg = Release|Any CPU
		{0DF0189C-7898-4DB7-97D9-42B49D251F34}.Release|Any CPU.Build.0 = Release|Any CPU
		{DA647AC2-96DB-48FF-91AA-1363595FC68C}.Debug|Any CPU.ActiveCfg = Debug|Any CPU
		{DA647AC2-96DB-48FF-91AA-1363595FC68C}.Debug|Any CPU.Build.0 = Debug|Any CPU
		{DA647AC2-96DB-48FF-91AA-1363595FC68C}.Release|Any CPU.ActiveCfg = Release|Any CPU
		{DA647AC2-96DB-48FF-91AA-1363595FC68C}.Release|Any CPU.Build.0 = Release|Any CPU
		{97295CC7-E97F-4283-A85E-BF650692A31B}.Debug|Any CPU.ActiveCfg = Debug|Any CPU
		{97295CC7-E97F-4283-A85E-BF650692A31B}.Debug|Any CPU.Build.0 = Debug|Any CPU
		{97295CC7-E97F-4283-A85E-BF650692A31B}.Release|Any CPU.ActiveCfg = Release|Any CPU
		{97295CC7-E97F-4283-A85E-BF650692A31B}.Release|Any CPU.Build.0 = Release|Any CPU
		{0B3BE713-CC49-4CF2-BEB5-365D2C8503EE}.Debug|Any CPU.ActiveCfg = Debug|Any CPU
		{0B3BE713-CC49-4CF2-BEB5-365D2C8503EE}.Debug|Any CPU.Build.0 = Debug|Any CPU
		{0B3BE713-CC49-4CF2-BEB5-365D2C8503EE}.Release|Any CPU.ActiveCfg = Release|Any CPU
		{0B3BE713-CC49-4CF2-BEB5-365D2C8503EE}.Release|Any CPU.Build.0 = Release|Any CPU
	EndGlobalSection
	GlobalSection(SolutionProperties) = preSolution
		HideSolutionNode = FALSE
	EndGlobalSection
	GlobalSection(ExtensibilityGlobals) = postSolution
		SolutionGuid = {56EA478B-33C7-432E-A768-56001951E83C}
	EndGlobalSection
EndGlobal
